// !$*UTF8*$!
{
	archiveVersion = 1;
	classes = {
	};
	objectVersion = 48;
	objects = {

/* Begin PBXBuildFile section */
		26D12A2569CC516593C7A2F4 /* Pods_MoviesTack.framework in Frameworks */ = {isa = PBXBuildFile; fileRef = 6EF0D88485C3BE259F4518CF /* Pods_MoviesTack.framework */; };
		2C2586BE1FDCFFED005479E3 /* AppDelegate.swift in Sources */ = {isa = PBXBuildFile; fileRef = 2C2586BD1FDCFFED005479E3 /* AppDelegate.swift */; };
		2C2586C01FDCFFED005479E3 /* ViewController.swift in Sources */ = {isa = PBXBuildFile; fileRef = 2C2586BF1FDCFFED005479E3 /* ViewController.swift */; };
		2C2586C31FDCFFED005479E3 /* Main.storyboard in Resources */ = {isa = PBXBuildFile; fileRef = 2C2586C11FDCFFED005479E3 /* Main.storyboard */; };
		2C2586C51FDCFFED005479E3 /* Assets.xcassets in Resources */ = {isa = PBXBuildFile; fileRef = 2C2586C41FDCFFED005479E3 /* Assets.xcassets */; };
		2C2586C81FDCFFED005479E3 /* LaunchScreen.storyboard in Resources */ = {isa = PBXBuildFile; fileRef = 2C2586C61FDCFFED005479E3 /* LaunchScreen.storyboard */; };
		2C2586D01FDD00DE005479E3 /* PosterCollectionViewCell.swift in Sources */ = {isa = PBXBuildFile; fileRef = 2C2586CF1FDD00DE005479E3 /* PosterCollectionViewCell.swift */; };
		2C2586D21FDD2054005479E3 /* MovieDataSource.swift in Sources */ = {isa = PBXBuildFile; fileRef = 2C2586D11FDD2054005479E3 /* MovieDataSource.swift */; };
		2C7379251FDEB75F00F4C5F8 /* LoadingView.swift in Sources */ = {isa = PBXBuildFile; fileRef = 2C7379241FDEB75F00F4C5F8 /* LoadingView.swift */; };
		2CCF4DE71FDE5FF600414EFE /* DetailViewController.swift in Sources */ = {isa = PBXBuildFile; fileRef = 2CCF4DE61FDE5FF600414EFE /* DetailViewController.swift */; };
/* End PBXBuildFile section */

/* Begin PBXFileReference section */
		2C2586BA1FDCFFED005479E3 /* MoviesTack.app */ = {isa = PBXFileReference; explicitFileType = wrapper.application; includeInIndex = 0; path = MoviesTack.app; sourceTree = BUILT_PRODUCTS_DIR; };
		2C2586BD1FDCFFED005479E3 /* AppDelegate.swift */ = {isa = PBXFileReference; lastKnownFileType = sourcecode.swift; path = AppDelegate.swift; sourceTree = "<group>"; };
		2C2586BF1FDCFFED005479E3 /* ViewController.swift */ = {isa = PBXFileReference; lastKnownFileType = sourcecode.swift; path = ViewController.swift; sourceTree = "<group>"; };
		2C2586C21FDCFFED005479E3 /* Base */ = {isa = PBXFileReference; lastKnownFileType = file.storyboard; name = Base; path = Base.lproj/Main.storyboard; sourceTree = "<group>"; };
		2C2586C41FDCFFED005479E3 /* Assets.xcassets */ = {isa = PBXFileReference; lastKnownFileType = folder.assetcatalog; path = Assets.xcassets; sourceTree = "<group>"; };
		2C2586C71FDCFFED005479E3 /* Base */ = {isa = PBXFileReference; lastKnownFileType = file.storyboard; name = Base; path = Base.lproj/LaunchScreen.storyboard; sourceTree = "<group>"; };
		2C2586C91FDCFFED005479E3 /* Info.plist */ = {isa = PBXFileReference; lastKnownFileType = text.plist.xml; path = Info.plist; sourceTree = "<group>"; };
		2C2586CF1FDD00DE005479E3 /* PosterCollectionViewCell.swift */ = {isa = PBXFileReference; lastKnownFileType = sourcecode.swift; path = PosterCollectionViewCell.swift; sourceTree = "<group>"; };
		2C2586D11FDD2054005479E3 /* MovieDataSource.swift */ = {isa = PBXFileReference; lastKnownFileType = sourcecode.swift; path = MovieDataSource.swift; sourceTree = "<group>"; };
		2C7379241FDEB75F00F4C5F8 /* LoadingView.swift */ = {isa = PBXFileReference; lastKnownFileType = sourcecode.swift; path = LoadingView.swift; sourceTree = "<group>"; };
		2CCF4DE61FDE5FF600414EFE /* DetailViewController.swift */ = {isa = PBXFileReference; lastKnownFileType = sourcecode.swift; path = DetailViewController.swift; sourceTree = "<group>"; };
		6EF0D88485C3BE259F4518CF /* Pods_MoviesTack.framework */ = {isa = PBXFileReference; explicitFileType = wrapper.framework; includeInIndex = 0; path = Pods_MoviesTack.framework; sourceTree = BUILT_PRODUCTS_DIR; };
		95DF1D4F6214B898DA417FFE /* Pods-MoviesTack.debug.xcconfig */ = {isa = PBXFileReference; includeInIndex = 1; lastKnownFileType = text.xcconfig; name = "Pods-MoviesTack.debug.xcconfig"; path = "Pods/Target Support Files/Pods-MoviesTack/Pods-MoviesTack.debug.xcconfig"; sourceTree = "<group>"; };
		F9FEB3F43E499DBABB5D0D20 /* Pods-MoviesTack.release.xcconfig */ = {isa = PBXFileReference; includeInIndex = 1; lastKnownFileType = text.xcconfig; name = "Pods-MoviesTack.release.xcconfig"; path = "Pods/Target Support Files/Pods-MoviesTack/Pods-MoviesTack.release.xcconfig"; sourceTree = "<group>"; };
/* End PBXFileReference section */

/* Begin PBXFrameworksBuildPhase section */
		2C2586B71FDCFFED005479E3 /* Frameworks */ = {
			isa = PBXFrameworksBuildPhase;
			buildActionMask = 2147483647;
			files = (
				26D12A2569CC516593C7A2F4 /* Pods_MoviesTack.framework in Frameworks */,
			);
			runOnlyForDeploymentPostprocessing = 0;
		};
/* End PBXFrameworksBuildPhase section */

/* Begin PBXGroup section */
		2C2586B11FDCFFED005479E3 = {
			isa = PBXGroup;
			children = (
				2C2586BC1FDCFFED005479E3 /* MoviesTack */,
				2C2586BB1FDCFFED005479E3 /* Products */,
				D0A7BCD532A4ADB0C9D7656C /* Pods */,
				D1F097E8FE5C26828A387912 /* Frameworks */,
			);
			sourceTree = "<group>";
		};
		2C2586BB1FDCFFED005479E3 /* Products */ = {
			isa = PBXGroup;
			children = (
				2C2586BA1FDCFFED005479E3 /* MoviesTack.app */,
			);
			name = Products;
			sourceTree = "<group>";
		};
		2C2586BC1FDCFFED005479E3 /* MoviesTack */ = {
			isa = PBXGroup;
			children = (
				2C2586CF1FDD00DE005479E3 /* PosterCollectionViewCell.swift */,
				2C2586BD1FDCFFED005479E3 /* AppDelegate.swift */,
				2C2586BF1FDCFFED005479E3 /* ViewController.swift */,
				2C7379241FDEB75F00F4C5F8 /* LoadingView.swift */,
				2C2586C11FDCFFED005479E3 /* Main.storyboard */,
				2CCF4DE61FDE5FF600414EFE /* DetailViewController.swift */,
				2C2586D11FDD2054005479E3 /* MovieDataSource.swift */,
				2C2586C41FDCFFED005479E3 /* Assets.xcassets */,
				2C2586C91FDCFFED005479E3 /* Info.plist */,
				2C2586C61FDCFFED005479E3 /* LaunchScreen.storyboard */,
			);
			path = MoviesTack;
			sourceTree = "<group>";
		};
		D0A7BCD532A4ADB0C9D7656C /* Pods */ = {
			isa = PBXGroup;
			children = (
				95DF1D4F6214B898DA417FFE /* Pods-MoviesTack.debug.xcconfig */,
				F9FEB3F43E499DBABB5D0D20 /* Pods-MoviesTack.release.xcconfig */,
			);
			name = Pods;
			sourceTree = "<group>";
		};
		D1F097E8FE5C26828A387912 /* Frameworks */ = {
			isa = PBXGroup;
			children = (
				6EF0D88485C3BE259F4518CF /* Pods_MoviesTack.framework */,
			);
			name = Frameworks;
			sourceTree = "<group>";
		};
/* End PBXGroup section */

/* Begin PBXNativeTarget section */
		2C2586B91FDCFFED005479E3 /* MoviesTack */ = {
			isa = PBXNativeTarget;
			buildConfigurationList = 2C2586CC1FDCFFED005479E3 /* Build configuration list for PBXNativeTarget "MoviesTack" */;
			buildPhases = (
				A8E2CA98C59DCF2C95681510 /* [CP] Check Pods Manifest.lock */,
				2C2586B61FDCFFED005479E3 /* Sources */,
				2C2586B71FDCFFED005479E3 /* Frameworks */,
				2C2586B81FDCFFED005479E3 /* Resources */,
				C3F86236DB10FD701D657F8D /* [CP] Embed Pods Frameworks */,
				19BA3D0CABEED268ACBF6A79 /* [CP] Copy Pods Resources */,
			);
			buildRules = (
			);
			dependencies = (
			);
			name = MoviesTack;
			productName = MoviesTack;
			productReference = 2C2586BA1FDCFFED005479E3 /* MoviesTack.app */;
			productType = "com.apple.product-type.application";
		};
/* End PBXNativeTarget section */

/* Begin PBXProject section */
		2C2586B21FDCFFED005479E3 /* Project object */ = {
			isa = PBXProject;
			attributes = {
				LastSwiftUpdateCheck = 0920;
				LastUpgradeCheck = 0920;
				ORGANIZATIONNAME = learn;
				TargetAttributes = {
					2C2586B91FDCFFED005479E3 = {
						CreatedOnToolsVersion = 9.2;
						ProvisioningStyle = Automatic;
					};
				};
			};
			buildConfigurationList = 2C2586B51FDCFFED005479E3 /* Build configuration list for PBXProject "MoviesTack" */;
			compatibilityVersion = "Xcode 8.0";
			developmentRegion = en;
			hasScannedForEncodings = 0;
			knownRegions = (
				en,
				Base,
			);
			mainGroup = 2C2586B11FDCFFED005479E3;
			productRefGroup = 2C2586BB1FDCFFED005479E3 /* Products */;
			projectDirPath = "";
			projectRoot = "";
			targets = (
				2C2586B91FDCFFED005479E3 /* MoviesTack */,
			);
		};
/* End PBXProject section */

/* Begin PBXResourcesBuildPhase section */
		2C2586B81FDCFFED005479E3 /* Resources */ = {
			isa = PBXResourcesBuildPhase;
			buildActionMask = 2147483647;
			files = (
				2C2586C81FDCFFED005479E3 /* LaunchScreen.storyboard in Resources */,
				2C2586C51FDCFFED005479E3 /* Assets.xcassets in Resources */,
				2C2586C31FDCFFED005479E3 /* Main.storyboard in Resources */,
			);
			runOnlyForDeploymentPostprocessing = 0;
		};
/* End PBXResourcesBuildPhase section */

/* Begin PBXShellScriptBuildPhase section */
		19BA3D0CABEED268ACBF6A79 /* [CP] Copy Pods Resources */ = {
			isa = PBXShellScriptBuildPhase;
			buildActionMask = 2147483647;
			files = (
			);
			inputPaths = (
			);
			name = "[CP] Copy Pods Resources";
			outputPaths = (
			);
			runOnlyForDeploymentPostprocessing = 0;
			shellPath = /bin/sh;
			shellScript = "\"${SRCROOT}/Pods/Target Support Files/Pods-MoviesTack/Pods-MoviesTack-resources.sh\"\n";
			showEnvVarsInLog = 0;
		};
		A8E2CA98C59DCF2C95681510 /* [CP] Check Pods Manifest.lock */ = {
			isa = PBXShellScriptBuildPhase;
			buildActionMask = 2147483647;
			files = (
			);
			inputPaths = (
				"${PODS_PODFILE_DIR_PATH}/Podfile.lock",
				"${PODS_ROOT}/Manifest.lock",
			);
			name = "[CP] Check Pods Manifest.lock";
			outputPaths = (
				"$(DERIVED_FILE_DIR)/Pods-MoviesTack-checkManifestLockResult.txt",
			);
			runOnlyForDeploymentPostprocessing = 0;
			shellPath = /bin/sh;
			shellScript = "diff \"${PODS_PODFILE_DIR_PATH}/Podfile.lock\" \"${PODS_ROOT}/Manifest.lock\" > /dev/null\nif [ $? != 0 ] ; then\n    # print error to STDERR\n    echo \"error: The sandbox is not in sync with the Podfile.lock. Run 'pod install' or update your CocoaPods installation.\" >&2\n    exit 1\nfi\n# This output is used by Xcode 'outputs' to avoid re-running this script phase.\necho \"SUCCESS\" > \"${SCRIPT_OUTPUT_FILE_0}\"\n";
			showEnvVarsInLog = 0;
		};
		C3F86236DB10FD701D657F8D /* [CP] Embed Pods Frameworks */ = {
			isa = PBXShellScriptBuildPhase;
			buildActionMask = 2147483647;
			files = (
			);
			inputPaths = (
				"${SRCROOT}/Pods/Target Support Files/Pods-MoviesTack/Pods-MoviesTack-frameworks.sh",
				"${BUILT_PRODUCTS_DIR}/SDWebImage/SDWebImage.framework",
			);
			name = "[CP] Embed Pods Frameworks";
			outputPaths = (
				"${TARGET_BUILD_DIR}/${FRAMEWORKS_FOLDER_PATH}/SDWebImage.framework",
			);
			runOnlyForDeploymentPostprocessing = 0;
			shellPath = /bin/sh;
			shellScript = "\"${SRCROOT}/Pods/Target Support Files/Pods-MoviesTack/Pods-MoviesTack-frameworks.sh\"\n";
			showEnvVarsInLog = 0;
		};
/* End PBXShellScriptBuildPhase section */

/* Begin PBXSourcesBuildPhase section */
		2C2586B61FDCFFED005479E3 /* Sources */ = {
			isa = PBXSourcesBuildPhase;
			buildActionMask = 2147483647;
			files = (
				2C2586D01FDD00DE005479E3 /* PosterCollectionViewCell.swift in Sources */,
				2C2586C01FDCFFED005479E3 /* ViewController.swift in Sources */,
				2CCF4DE71FDE5FF600414EFE /* DetailViewController.swift in Sources */,
				2C2586D21FDD2054005479E3 /* MovieDataSource.swift in Sources */,
				2C2586BE1FDCFFED005479E3 /* AppDelegate.swift in Sources */,
				2C7379251FDEB75F00F4C5F8 /* LoadingView.swift in Sources */,
			);
			runOnlyForDeploymentPostprocessing = 0;
		};
/* End PBXSourcesBuildPhase section */

/* Begin PBXVariantGroup section */
		2C2586C11FDCFFED005479E3 /* Main.storyboard */ = {
			isa = PBXVariantGroup;
			children = (
				2C2586C21FDCFFED005479E3 /* Base */,
			);
			name = Main.storyboard;
			sourceTree = "<group>";
		};
		2C2586C61FDCFFED005479E3 /* LaunchScreen.storyboard */ = {
			isa = PBXVariantGroup;
			children = (
				2C2586C71FDCFFED005479E3 /* Base */,
			);
			name = LaunchScreen.storyboard;
			sourceTree = "<group>";
		};
/* End PBXVariantGroup section */

/* Begin XCBuildConfiguration section */
		2C2586CA1FDCFFED005479E3 /* Debug */ = {
			isa = XCBuildConfiguration;
			buildSettings = {
				ALWAYS_SEARCH_USER_PATHS = NO;
				CLANG_ANALYZER_NONNULL = YES;
				CLANG_ANALYZER_NUMBER_OBJECT_CONVERSION = YES_AGGRESSIVE;
				CLANG_CXX_LANGUAGE_STANDARD = "gnu++14";
				CLANG_CXX_LIBRARY = "libc++";
				CLANG_ENABLE_MODULES = YES;
				CLANG_ENABLE_OBJC_ARC = YES;
				CLANG_WARN_BLOCK_CAPTURE_AUTORELEASING = YES;
				CLANG_WARN_BOOL_CONVERSION = YES;
				CLANG_WARN_COMMA = YES;
				CLANG_WARN_CONSTANT_CONVERSION = YES;
				CLANG_WARN_DIRECT_OBJC_ISA_USAGE = YES_ERROR;
				CLANG_WARN_DOCUMENTATION_COMMENTS = YES;
				CLANG_WARN_EMPTY_BODY = YES;
				CLANG_WARN_ENUM_CONVERSION = YES;
				CLANG_WARN_INFINITE_RECURSION = YES;
				CLANG_WARN_INT_CONVERSION = YES;
				CLANG_WARN_NON_LITERAL_NULL_CONVERSION = YES;
				CLANG_WARN_OBJC_LITERAL_CONVERSION = YES;
				CLANG_WARN_OBJC_ROOT_CLASS = YES_ERROR;
				CLANG_WARN_RANGE_LOOP_ANALYSIS = YES;
				CLANG_WARN_STRICT_PROTOTYPES = YES;
				CLANG_WARN_SUSPICIOUS_MOVE = YES;
				CLANG_WARN_UNGUARDED_AVAILABILITY = YES_AGGRESSIVE;
				CLANG_WARN_UNREACHABLE_CODE = YES;
				CLANG_WARN__DUPLICATE_METHOD_MATCH = YES;
				CODE_SIGN_IDENTITY = "iPhone Developer";
				COPY_PHASE_STRIP = NO;
				DEBUG_INFORMATION_FORMAT = dwarf;
				ENABLE_STRICT_OBJC_MSGSEND = YES;
				ENABLE_TESTABILITY = YES;
				GCC_C_LANGUAGE_STANDARD = gnu11;
				GCC_DYNAMIC_NO_PIC = NO;
				GCC_NO_COMMON_BLOCKS = YES;
				GCC_OPTIMIZATION_LEVEL = 0;
				GCC_PREPROCESSOR_DEFINITIONS = (
					"DEBUG=1",
					"$(inherited)",
				);
				GCC_WARN_64_TO_32_BIT_CONVERSION = YES;
				GCC_WARN_ABOUT_RETURN_TYPE = YES_ERROR;
				GCC_WARN_UNDECLARED_SELECTOR = YES;
				GCC_WARN_UNINITIALIZED_AUTOS = YES_AGGRESSIVE;
				GCC_WARN_UNUSED_FUNCTION = YES;
				GCC_WARN_UNUSED_VARIABLE = YES;
				IPHONEOS_DEPLOYMENT_TARGET = 11.2;
				MTL_ENABLE_DEBUG_INFO = YES;
				ONLY_ACTIVE_ARCH = YES;
				SDKROOT = iphoneos;
				SWIFT_ACTIVE_COMPILATION_CONDITIONS = DEBUG;
				SWIFT_OPTIMIZATION_LEVEL = "-Onone";
			};
			name = Debug;
		};
		2C2586CB1FDCFFED005479E3 /* Release */ = {
			isa = XCBuildConfiguration;
			buildSettings = {
				ALWAYS_SEARCH_USER_PATHS = NO;
				CLANG_ANALYZER_NONNULL = YES;
				CLANG_ANALYZER_NUMBER_OBJECT_CONVERSION = YES_AGGRESSIVE;
				CLANG_CXX_LANGUAGE_STANDARD = "gnu++14";
				CLANG_CXX_LIBRARY = "libc++";
				CLANG_ENABLE_MODULES = YES;
				CLANG_ENABLE_OBJC_ARC = YES;
				CLANG_WARN_BLOCK_CAPTURE_AUTORELEASING = YES;
				CLANG_WARN_BOOL_CONVERSION = YES;
				CLANG_WARN_COMMA = YES;
				CLANG_WARN_CONSTANT_CONVERSION = YES;
				CLANG_WARN_DIRECT_OBJC_ISA_USAGE = YES_ERROR;
				CLANG_WARN_DOCUMENTATION_COMMENTS = YES;
				CLANG_WARN_EMPTY_BODY = YES;
				CLANG_WARN_ENUM_CONVERSION = YES;
				CLANG_WARN_INFINITE_RECURSION = YES;
				CLANG_WARN_INT_CONVERSION = YES;
				CLANG_WARN_NON_LITERAL_NULL_CONVERSION = YES;
				CLANG_WARN_OBJC_LITERAL_CONVERSION = YES;
				CLANG_WARN_OBJC_ROOT_CLASS = YES_ERROR;
				CLANG_WARN_RANGE_LOOP_ANALYSIS = YES;
				CLANG_WARN_STRICT_PROTOTYPES = YES;
				CLANG_WARN_SUSPICIOUS_MOVE = YES;
				CLANG_WARN_UNGUARDED_AVAILABILITY = YES_AGGRESSIVE;
				CLANG_WARN_UNREACHABLE_CODE = YES;
				CLANG_WARN__DUPLICATE_METHOD_MATCH = YES;
				CODE_SIGN_IDENTITY = "iPhone Developer";
				COPY_PHASE_STRIP = NO;
				DEBUG_INFORMATION_FORMAT = "dwarf-with-dsym";
				ENABLE_NS_ASSERTIONS = NO;
				ENABLE_STRICT_OBJC_MSGSEND = YES;
				GCC_C_LANGUAGE_STANDARD = gnu11;
				GCC_NO_COMMON_BLOCKS = YES;
				GCC_WARN_64_TO_32_BIT_CONVERSION = YES;
				GCC_WARN_ABOUT_RETURN_TYPE = YES_ERROR;
				GCC_WARN_UNDECLARED_SELECTOR = YES;
				GCC_WARN_UNINITIALIZED_AUTOS = YES_AGGRESSIVE;
				GCC_WARN_UNUSED_FUNCTION = YES;
				GCC_WARN_UNUSED_VARIABLE = YES;
				IPHONEOS_DEPLOYMENT_TARGET = 11.2;
				MTL_ENABLE_DEBUG_INFO = NO;
				SDKROOT = iphoneos;
				SWIFT_OPTIMIZATION_LEVEL = "-Owholemodule";
				VALIDATE_PRODUCT = YES;
			};
			name = Release;
		};
		2C2586CD1FDCFFED005479E3 /* Debug */ = {
			isa = XCBuildConfiguration;
			baseConfigurationReference = 95DF1D4F6214B898DA417FFE /* Pods-MoviesTack.debug.xcconfig */;
			buildSettings = {
				ASSETCATALOG_COMPILER_APPICON_NAME = AppIcon;
				CODE_SIGN_STYLE = Automatic;
				DEVELOPMENT_TEAM = MTHFMVH2NJ;
				INFOPLIST_FILE = MoviesTack/Info.plist;
				IPHONEOS_DEPLOYMENT_TARGET = 9.0;
				LD_RUNPATH_SEARCH_PATHS = "$(inherited) @executable_path/Frameworks";
				PRODUCT_BUNDLE_IDENTIFIER = learn.MoviesTack;
				PRODUCT_NAME = "$(TARGET_NAME)";
				SWIFT_VERSION = 4.0;
				TARGETED_DEVICE_FAMILY = "1,2";
			};
			name = Debug;
		};
		2C2586CE1FDCFFED005479E3 /* Release */ = {
			isa = XCBuildConfiguration;
			baseConfigurationReference = F9FEB3F43E499DBABB5D0D20 /* Pods-MoviesTack.release.xcconfig */;
			buildSettings = {
				ASSETCATALOG_COMPILER_APPICON_NAME = AppIcon;
				CODE_SIGN_STYLE = Automatic;
				DEVELOPMENT_TEAM = MTHFMVH2NJ;
				INFOPLIST_FILE = MoviesTack/Info.plist;
				IPHONEOS_DEPLOYMENT_TARGET = 9.0;
				LD_RUNPATH_SEARCH_PATHS = "$(inherited) @executable_path/Frameworks";
				PRODUCT_BUNDLE_IDENTIFIER = learn.MoviesTack;
				PRODUCT_NAME = "$(TARGET_NAME)";
				SWIFT_VERSION = 4.0;
				TARGETED_DEVICE_FAMILY = "1,2";
			};
			name = Release;
		};
/* End XCBuildConfiguration section */

/* Begin XCConfigurationList section */
		2C2586B51FDCFFED005479E3 /* Build configuration list for PBXProject "MoviesTack" */ = {
			isa = XCConfigurationList;
			buildConfigurations = (
				2C2586CA1FDCFFED005479E3 /* Debug */,
				2C2586CB1FDCFFED005479E3 /* Release */,
			);
			defaultConfigurationIsVisible = 0;
			defaultConfigurationName = Release;
		};
		2C2586CC1FDCFFED005479E3 /* Build configuration list for PBXNativeTarget "MoviesTack" */ = {
			isa = XCConfigurationList;
			buildConfigurations = (
				2C2586CD1FDCFFED005479E3 /* Debug */,
				2C2586CE1FDCFFED005479E3 /* Release */,
			);
			defaultConfigurationIsVisible = 0;
			defaultConfigurationName = Release;
		};
/* End XCConfigurationList section */
	};
	rootObject = 2C2586B21FDCFFED005479E3 /* Project object */;
}
